// !$*UTF8*$!
{
	archiveVersion = 1;
	classes = {
	};
	objectVersion = 46;
	objects = {

/* Begin PBXBuildFile section */
		3C12E7AA1BFFFD7800FA2E2E /* main.m in Sources */ = {isa = PBXBuildFile; fileRef = 3C12E7A91BFFFD7800FA2E2E /* main.m */; };
		3C12E7AD1BFFFD7800FA2E2E /* AppDelegate.m in Sources */ = {isa = PBXBuildFile; fileRef = 3C12E7AC1BFFFD7800FA2E2E /* AppDelegate.m */; };
		3C12E7B01BFFFD7800FA2E2E /* ViewController.mm in Sources */ = {isa = PBXBuildFile; fileRef = 3C12E7AF1BFFFD7800FA2E2E /* ViewController.mm */; };
		3C12E7B31BFFFD7800FA2E2E /* Main.storyboard in Resources */ = {isa = PBXBuildFile; fileRef = 3C12E7B11BFFFD7800FA2E2E /* Main.storyboard */; };
		3C12E7B51BFFFD7800FA2E2E /* Images.xcassets in Resources */ = {isa = PBXBuildFile; fileRef = 3C12E7B41BFFFD7800FA2E2E /* Images.xcassets */; };
		3C12E7B81BFFFD7800FA2E2E /* LaunchScreen.xib in Resources */ = {isa = PBXBuildFile; fileRef = 3C12E7B61BFFFD7800FA2E2E /* LaunchScreen.xib */; };
		3C12E7C41BFFFD7800FA2E2E /* BlckJckTests.m in Sources */ = {isa = PBXBuildFile; fileRef = 3C12E7C31BFFFD7800FA2E2E /* BlckJckTests.m */; };
		3C8A99471C0938F300EF6D98 /* Card.cpp in Sources */ = {isa = PBXBuildFile; fileRef = 3C8A99461C0938F300EF6D98 /* Card.cpp */; };
		3C8A994D1C0938FD00EF6D98 /* DeckOfCards.cpp in Sources */ = {isa = PBXBuildFile; fileRef = 3C8A99491C0938FD00EF6D98 /* DeckOfCards.cpp */; };
		3C8A994E1C0938FD00EF6D98 /* Hand.cpp in Sources */ = {isa = PBXBuildFile; fileRef = 3C8A994B1C0938FD00EF6D98 /* Hand.cpp */; };
		FF294E971C0E82B900DA60F8 /* naked interface.png in Resources */ = {isa = PBXBuildFile; fileRef = FF294E961C0E82B900DA60F8 /* naked interface.png */; };
/* End PBXBuildFile section */

/* Begin PBXContainerItemProxy section */
		3C12E7BE1BFFFD7800FA2E2E /* PBXContainerItemProxy */ = {
			isa = PBXContainerItemProxy;
			containerPortal = 3C12E79C1BFFFD7800FA2E2E /* Project object */;
			proxyType = 1;
			remoteGlobalIDString = 3C12E7A31BFFFD7800FA2E2E;
			remoteInfo = BlckJck;
		};
/* End PBXContainerItemProxy section */

/* Begin PBXFileReference section */
		3C12E7A41BFFFD7800FA2E2E /* BlckJck.app */ = {isa = PBXFileReference; explicitFileType = wrapper.application; includeInIndex = 0; path = BlckJck.app; sourceTree = BUILT_PRODUCTS_DIR; };
		3C12E7A81BFFFD7800FA2E2E /* Info.plist */ = {isa = PBXFileReference; lastKnownFileType = text.plist.xml; path = Info.plist; sourceTree = "<group>"; };
		3C12E7A91BFFFD7800FA2E2E /* main.m */ = {isa = PBXFileReference; lastKnownFileType = sourcecode.c.objc; path = main.m; sourceTree = "<group>"; };
		3C12E7AB1BFFFD7800FA2E2E /* AppDelegate.h */ = {isa = PBXFileReference; lastKnownFileType = sourcecode.c.h; path = AppDelegate.h; sourceTree = "<group>"; };
		3C12E7AC1BFFFD7800FA2E2E /* AppDelegate.m */ = {isa = PBXFileReference; lastKnownFileType = sourcecode.c.objc; path = AppDelegate.m; sourceTree = "<group>"; };
		3C12E7AE1BFFFD7800FA2E2E /* ViewController.hh */ = {isa = PBXFileReference; lastKnownFileType = sourcecode.cpp.h; path = ViewController.hh; sourceTree = "<group>"; };
		3C12E7AF1BFFFD7800FA2E2E /* ViewController.mm */ = {isa = PBXFileReference; lastKnownFileType = sourcecode.cpp.objcpp; path = ViewController.mm; sourceTree = "<group>"; };
		3C12E7B21BFFFD7800FA2E2E /* Base */ = {isa = PBXFileReference; lastKnownFileType = file.storyboard; name = Base; path = Base.lproj/Main.storyboard; sourceTree = "<group>"; };
		3C12E7B41BFFFD7800FA2E2E /* Images.xcassets */ = {isa = PBXFileReference; lastKnownFileType = folder.assetcatalog; path = Images.xcassets; sourceTree = "<group>"; };
		3C12E7B71BFFFD7800FA2E2E /* Base */ = {isa = PBXFileReference; lastKnownFileType = file.xib; name = Base; path = Base.lproj/LaunchScreen.xib; sourceTree = "<group>"; };
		3C12E7BD1BFFFD7800FA2E2E /* BlckJckTests.xctest */ = {isa = PBXFileReference; explicitFileType = wrapper.cfbundle; includeInIndex = 0; path = BlckJckTests.xctest; sourceTree = BUILT_PRODUCTS_DIR; };
		3C12E7C21BFFFD7800FA2E2E /* Info.plist */ = {isa = PBXFileReference; lastKnownFileType = text.plist.xml; path = Info.plist; sourceTree = "<group>"; };
		3C12E7C31BFFFD7800FA2E2E /* BlckJckTests.m */ = {isa = PBXFileReference; lastKnownFileType = sourcecode.c.objc; path = BlckJckTests.m; sourceTree = "<group>"; };
		3C8A99461C0938F300EF6D98 /* Card.cpp */ = {isa = PBXFileReference; fileEncoding = 4; lastKnownFileType = sourcecode.cpp.cpp; path = Card.cpp; sourceTree = "<group>"; };
		3C8A99481C0938FD00EF6D98 /* Card.h */ = {isa = PBXFileReference; fileEncoding = 4; lastKnownFileType = sourcecode.c.h; path = Card.h; sourceTree = "<group>"; };
		3C8A99491C0938FD00EF6D98 /* DeckOfCards.cpp */ = {isa = PBXFileReference; fileEncoding = 4; lastKnownFileType = sourcecode.cpp.cpp; path = DeckOfCards.cpp; sourceTree = "<group>"; };
		3C8A994A1C0938FD00EF6D98 /* DeckOfCards.h */ = {isa = PBXFileReference; fileEncoding = 4; lastKnownFileType = sourcecode.c.h; path = DeckOfCards.h; sourceTree = "<group>"; };
		3C8A994B1C0938FD00EF6D98 /* Hand.cpp */ = {isa = PBXFileReference; fileEncoding = 4; lastKnownFileType = sourcecode.cpp.cpp; path = Hand.cpp; sourceTree = "<group>"; };
		3C8A994C1C0938FD00EF6D98 /* Hand.h */ = {isa = PBXFileReference; fileEncoding = 4; lastKnownFileType = sourcecode.c.h; path = Hand.h; sourceTree = "<group>"; };
		FF294E961C0E82B900DA60F8 /* naked interface.png */ = {isa = PBXFileReference; lastKnownFileType = image.png; path = "naked interface.png"; sourceTree = "<group>"; };
/* End PBXFileReference section */

/* Begin PBXFrameworksBuildPhase section */
		3C12E7A11BFFFD7800FA2E2E /* Frameworks */ = {
			isa = PBXFrameworksBuildPhase;
			buildActionMask = 2147483647;
			files = (
			);
			runOnlyForDeploymentPostprocessing = 0;
		};
		3C12E7BA1BFFFD7800FA2E2E /* Frameworks */ = {
			isa = PBXFrameworksBuildPhase;
			buildActionMask = 2147483647;
			files = (
			);
			runOnlyForDeploymentPostprocessing = 0;
		};
/* End PBXFrameworksBuildPhase section */

/* Begin PBXGroup section */
		3C12E79B1BFFFD7800FA2E2E = {
			isa = PBXGroup;
			children = (
				3C12E7A61BFFFD7800FA2E2E /* BlckJck */,
				3C12E7C01BFFFD7800FA2E2E /* BlckJckTests */,
				3C12E7A51BFFFD7800FA2E2E /* Products */,
			);
			sourceTree = "<group>";
		};
		3C12E7A51BFFFD7800FA2E2E /* Products */ = {
			isa = PBXGroup;
			children = (
				3C12E7A41BFFFD7800FA2E2E /* BlckJck.app */,
				3C12E7BD1BFFFD7800FA2E2E /* BlckJckTests.xctest */,
			);
			name = Products;
			sourceTree = "<group>";
		};
		3C12E7A61BFFFD7800FA2E2E /* BlckJck */ = {
			isa = PBXGroup;
			children = (
				3C12E7AB1BFFFD7800FA2E2E /* AppDelegate.h */,
				3C12E7AC1BFFFD7800FA2E2E /* AppDelegate.m */,
				3C12E7AE1BFFFD7800FA2E2E /* ViewController.hh */,
				3C12E7AF1BFFFD7800FA2E2E /* ViewController.mm */,
				3C8A99481C0938FD00EF6D98 /* Card.h */,
				3C8A99461C0938F300EF6D98 /* Card.cpp */,
				3C8A994A1C0938FD00EF6D98 /* DeckOfCards.h */,
				3C8A99491C0938FD00EF6D98 /* DeckOfCards.cpp */,
				3C8A994C1C0938FD00EF6D98 /* Hand.h */,
				3C8A994B1C0938FD00EF6D98 /* Hand.cpp */,
				3C12E7B11BFFFD7800FA2E2E /* Main.storyboard */,
				3C12E7B41BFFFD7800FA2E2E /* Images.xcassets */,
				3C12E7B61BFFFD7800FA2E2E /* LaunchScreen.xib */,
				3C12E7A71BFFFD7800FA2E2E /* Supporting Files */,
			);
			path = BlckJck;
			sourceTree = "<group>";
		};
		3C12E7A71BFFFD7800FA2E2E /* Supporting Files */ = {
			isa = PBXGroup;
			children = (
				FF294E961C0E82B900DA60F8 /* naked interface.png */,
				3C12E7A81BFFFD7800FA2E2E /* Info.plist */,
				3C12E7A91BFFFD7800FA2E2E /* main.m */,
			);
			name = "Supporting Files";
			sourceTree = "<group>";
		};
		3C12E7C01BFFFD7800FA2E2E /* BlckJckTests */ = {
			isa = PBXGroup;
			children = (
				3C12E7C31BFFFD7800FA2E2E /* BlckJckTests.m */,
				3C12E7C11BFFFD7800FA2E2E /* Supporting Files */,
			);
			path = BlckJckTests;
			sourceTree = "<group>";
		};
		3C12E7C11BFFFD7800FA2E2E /* Supporting Files */ = {
			isa = PBXGroup;
			children = (
				3C12E7C21BFFFD7800FA2E2E /* Info.plist */,
			);
			name = "Supporting Files";
			sourceTree = "<group>";
		};
/* End PBXGroup section */

/* Begin PBXNativeTarget section */
		3C12E7A31BFFFD7800FA2E2E /* BlckJck */ = {
			isa = PBXNativeTarget;
			buildConfigurationList = 3C12E7C71BFFFD7800FA2E2E /* Build configuration list for PBXNativeTarget "BlckJck" */;
			buildPhases = (
				3C12E7A01BFFFD7800FA2E2E /* Sources */,
				3C12E7A11BFFFD7800FA2E2E /* Frameworks */,
				3C12E7A21BFFFD7800FA2E2E /* Resources */,
			);
			buildRules = (
			);
			dependencies = (
			);
			name = BlckJck;
			productName = BlckJck;
			productReference = 3C12E7A41BFFFD7800FA2E2E /* BlckJck.app */;
			productType = "com.apple.product-type.application";
		};
		3C12E7BC1BFFFD7800FA2E2E /* BlckJckTests */ = {
			isa = PBXNativeTarget;
			buildConfigurationList = 3C12E7CA1BFFFD7800FA2E2E /* Build configuration list for PBXNativeTarget "BlckJckTests" */;
			buildPhases = (
				3C12E7B91BFFFD7800FA2E2E /* Sources */,
				3C12E7BA1BFFFD7800FA2E2E /* Frameworks */,
				3C12E7BB1BFFFD7800FA2E2E /* Resources */,
			);
			buildRules = (
			);
			dependencies = (
				3C12E7BF1BFFFD7800FA2E2E /* PBXTargetDependency */,
			);
			name = BlckJckTests;
			productName = BlckJckTests;
			productReference = 3C12E7BD1BFFFD7800FA2E2E /* BlckJckTests.xctest */;
			productType = "com.apple.product-type.bundle.unit-test";
		};
/* End PBXNativeTarget section */

/* Begin PBXProject section */
		3C12E79C1BFFFD7800FA2E2E /* Project object */ = {
			isa = PBXProject;
			attributes = {
				LastUpgradeCheck = 0620;
				ORGANIZATIONNAME = joelhoover;
				TargetAttributes = {
					3C12E7A31BFFFD7800FA2E2E = {
						CreatedOnToolsVersion = 6.2;
						DevelopmentTeam = 25P26DAEEQ;
					};
					3C12E7BC1BFFFD7800FA2E2E = {
						CreatedOnToolsVersion = 6.2;
						TestTargetID = 3C12E7A31BFFFD7800FA2E2E;
					};
				};
			};
			buildConfigurationList = 3C12E79F1BFFFD7800FA2E2E /* Build configuration list for PBXProject "BlckJck" */;
			compatibilityVersion = "Xcode 3.2";
			developmentRegion = English;
			hasScannedForEncodings = 0;
			knownRegions = (
				en,
				Base,
			);
			mainGroup = 3C12E79B1BFFFD7800FA2E2E;
			productRefGroup = 3C12E7A51BFFFD7800FA2E2E /* Products */;
			projectDirPath = "";
			projectRoot = "";
			targets = (
				3C12E7A31BFFFD7800FA2E2E /* BlckJck */,
				3C12E7BC1BFFFD7800FA2E2E /* BlckJckTests */,
			);
		};
/* End PBXProject section */

/* Begin PBXResourcesBuildPhase section */
		3C12E7A21BFFFD7800FA2E2E /* Resources */ = {
			isa = PBXResourcesBuildPhase;
			buildActionMask = 2147483647;
			files = (
				3C12E7B31BFFFD7800FA2E2E /* Main.storyboard in Resources */,
				3C12E7B81BFFFD7800FA2E2E /* LaunchScreen.xib in Resources */,
				FF294E971C0E82B900DA60F8 /* naked interface.png in Resources */,
				3C12E7B51BFFFD7800FA2E2E /* Images.xcassets in Resources */,
			);
			runOnlyForDeploymentPostprocessing = 0;
		};
		3C12E7BB1BFFFD7800FA2E2E /* Resources */ = {
			isa = PBXResourcesBuildPhase;
			buildActionMask = 2147483647;
			files = (
			);
			runOnlyForDeploymentPostprocessing = 0;
		};
/* End PBXResourcesBuildPhase section */

/* Begin PBXSourcesBuildPhase section */
		3C12E7A01BFFFD7800FA2E2E /* Sources */ = {
			isa = PBXSourcesBuildPhase;
			buildActionMask = 2147483647;
			files = (
				3C8A994E1C0938FD00EF6D98 /* Hand.cpp in Sources */,
				3C12E7B01BFFFD7800FA2E2E /* ViewController.mm in Sources */,
				3C12E7AD1BFFFD7800FA2E2E /* AppDelegate.m in Sources */,
				3C8A994D1C0938FD00EF6D98 /* DeckOfCards.cpp in Sources */,
				3C12E7AA1BFFFD7800FA2E2E /* main.m in Sources */,
				3C8A99471C0938F300EF6D98 /* Card.cpp in Sources */,
			);
			runOnlyForDeploymentPostprocessing = 0;
		};
		3C12E7B91BFFFD7800FA2E2E /* Sources */ = {
			isa = PBXSourcesBuildPhase;
			buildActionMask = 2147483647;
			files = (
				3C12E7C41BFFFD7800FA2E2E /* BlckJckTests.m in Sources */,
			);
			runOnlyForDeploymentPostprocessing = 0;
		};
/* End PBXSourcesBuildPhase section */

/* Begin PBXTargetDependency section */
		3C12E7BF1BFFFD7800FA2E2E /* PBXTargetDependency */ = {
			isa = PBXTargetDependency;
			target = 3C12E7A31BFFFD7800FA2E2E /* BlckJck */;
			targetProxy = 3C12E7BE1BFFFD7800FA2E2E /* PBXContainerItemProxy */;
		};
/* End PBXTargetDependency section */

/* Begin PBXVariantGroup section */
		3C12E7B11BFFFD7800FA2E2E /* Main.storyboard */ = {
			isa = PBXVariantGroup;
			children = (
				3C12E7B21BFFFD7800FA2E2E /* Base */,
			);
			name = Main.storyboard;
			sourceTree = "<group>";
		};
		3C12E7B61BFFFD7800FA2E2E /* LaunchScreen.xib */ = {
			isa = PBXVariantGroup;
			children = (
				3C12E7B71BFFFD7800FA2E2E /* Base */,
			);
			name = LaunchScreen.xib;
			sourceTree = "<group>";
		};
/* End PBXVariantGroup section */

/* Begin XCBuildConfiguration section */
		3C12E7C51BFFFD7800FA2E2E /* Debug */ = {
			isa = XCBuildConfiguration;
			buildSettings = {
				ALWAYS_SEARCH_USER_PATHS = NO;
				CLANG_CXX_LANGUAGE_STANDARD = "gnu++0x";
				CLANG_CXX_LIBRARY = "libc++";
				CLANG_ENABLE_MODULES = YES;
				CLANG_ENABLE_OBJC_ARC = YES;
				CLANG_WARN_BOOL_CONVERSION = YES;
				CLANG_WARN_CONSTANT_CONVERSION = YES;
				CLANG_WARN_DIRECT_OBJC_ISA_USAGE = YES_ERROR;
				CLANG_WARN_EMPTY_BODY = YES;
				CLANG_WARN_ENUM_CONVERSION = YES;
				CLANG_WARN_INT_CONVERSION = YES;
				CLANG_WARN_OBJC_ROOT_CLASS = YES_ERROR;
				CLANG_WARN_UNREACHABLE_CODE = YES;
				CLANG_WARN__DUPLICATE_METHOD_MATCH = YES;
				"CODE_SIGN_IDENTITY[sdk=iphoneos*]" = "iPhone Developer";
				COPY_PHASE_STRIP = NO;
				ENABLE_STRICT_OBJC_MSGSEND = YES;
				GCC_C_LANGUAGE_STANDARD = gnu99;
				GCC_DYNAMIC_NO_PIC = NO;
				GCC_OPTIMIZATION_LEVEL = 0;
				GCC_PREPROCESSOR_DEFINITIONS = (
					"DEBUG=1",
					"$(inherited)",
				);
				GCC_SYMBOLS_PRIVATE_EXTERN = NO;
				GCC_WARN_64_TO_32_BIT_CONVERSION = YES;
				GCC_WARN_ABOUT_RETURN_TYPE = YES_ERROR;
				GCC_WARN_UNDECLARED_SELECTOR = YES;
				GCC_WARN_UNINITIALIZED_AUTOS = YES_AGGRESSIVE;
				GCC_WARN_UNUSED_FUNCTION = YES;
				GCC_WARN_UNUSED_VARIABLE = YES;
				IPHONEOS_DEPLOYMENT_TARGET = 8.2;
				MTL_ENABLE_DEBUG_INFO = YES;
				ONLY_ACTIVE_ARCH = YES;
				SDKROOT = iphoneos;
				TARGETED_DEVICE_FAMILY = "1,2";
			};
			name = Debug;
		};
		3C12E7C61BFFFD7800FA2E2E /* Release */ = {
			isa = XCBuildConfiguration;
			buildSettings = {
				ALWAYS_SEARCH_USER_PATHS = NO;
				CLANG_CXX_LANGUAGE_STANDARD = "gnu++0x";
				CLANG_CXX_LIBRARY = "libc++";
				CLANG_ENABLE_MODULES = YES;
				CLANG_ENABLE_OBJC_ARC = YES;
				CLANG_WARN_BOOL_CONVERSION = YES;
				CLANG_WARN_CONSTANT_CONVERSION = YES;
				CLANG_WARN_DIRECT_OBJC_ISA_USAGE = YES_ERROR;
				CLANG_WARN_EMPTY_BODY = YES;
				CLANG_WARN_ENUM_CONVERSION = YES;
				CLANG_WARN_INT_CONVERSION = YES;
				CLANG_WARN_OBJC_ROOT_CLASS = YES_ERROR;
				CLANG_WARN_UNREACHABLE_CODE = YES;
				CLANG_WARN__DUPLICATE_METHOD_MATCH = YES;
				"CODE_SIGN_IDENTITY[sdk=iphoneos*]" = "iPhone Developer";
				COPY_PHASE_STRIP = NO;
				ENABLE_NS_ASSERTIONS = NO;
				ENABLE_STRICT_OBJC_MSGSEND = YES;
				GCC_C_LANGUAGE_STANDARD = gnu99;
				GCC_WARN_64_TO_32_BIT_CONVERSION = YES;
				GCC_WARN_ABOUT_RETURN_TYPE = YES_ERROR;
				GCC_WARN_UNDECLARED_SELECTOR = YES;
				GCC_WARN_UNINITIALIZED_AUTOS = YES_AGGRESSIVE;
				GCC_WARN_UNUSED_FUNCTION = YES;
				GCC_WARN_UNUSED_VARIABLE = YES;
				IPHONEOS_DEPLOYMENT_TARGET = 8.2;
				MTL_ENABLE_DEBUG_INFO = NO;
				SDKROOT = iphoneos;
				TARGETED_DEVICE_FAMILY = "1,2";
				VALIDATE_PRODUCT = YES;
			};
			name = Release;
		};
		3C12E7C81BFFFD7800FA2E2E /* Debug */ = {
			isa = XCBuildConfiguration;
			buildSettings = {
				ASSETCATALOG_COMPILER_APPICON_NAME = AppIcon;
				ASSETCATALOG_COMPILER_LAUNCHIMAGE_NAME = LaunchImage;
				CODE_SIGN_IDENTITY = "iPhone Developer";
				"CODE_SIGN_IDENTITY[sdk=iphoneos*]" = "iPhone Developer";
				INFOPLIST_FILE = BlckJck/Info.plist;
				LD_RUNPATH_SEARCH_PATHS = "$(inherited) @executable_path/Frameworks";
				PRODUCT_NAME = "$(TARGET_NAME)";
				PROVISIONING_PROFILE = "";
			};
			name = Debug;
		};
		3C12E7C91BFFFD7800FA2E2E /* Release */ = {
			isa = XCBuildConfiguration;
			buildSettings = {
				ASSETCATALOG_COMPILER_APPICON_NAME = AppIcon;
				ASSETCATALOG_COMPILER_LAUNCHIMAGE_NAME = LaunchImage;
				CODE_SIGN_IDENTITY = "iPhone Developer";
				"CODE_SIGN_IDENTITY[sdk=iphoneos*]" = "iPhone Developer";
				INFOPLIST_FILE = BlckJck/Info.plist;
				LD_RUNPATH_SEARCH_PATHS = "$(inherited) @executable_path/Frameworks";
				PRODUCT_NAME = "$(TARGET_NAME)";
				PROVISIONING_PROFILE = "";
			};
			name = Release;
		};
		3C12E7CB1BFFFD7800FA2E2E /* Debug */ = {
			isa = XCBuildConfiguration;
			buildSettings = {
				BUNDLE_LOADER = "$(TEST_HOST)";
				FRAMEWORK_SEARCH_PATHS = (
					"$(SDKROOT)/Developer/Library/Frameworks",
					"$(inherited)",
				);
				GCC_PREPROCESSOR_DEFINITIONS = (
					"DEBUG=1",
					"$(inherited)",
				);
				INFOPLIST_FILE = BlckJckTests/Info.plist;
				LD_RUNPATH_SEARCH_PATHS = "$(inherited) @executable_path/Frameworks @loader_path/Frameworks";
				PRODUCT_NAME = "$(TARGET_NAME)";
				TEST_HOST = "$(BUILT_PRODUCTS_DIR)/BlckJck.app/BlckJck";
			};
			name = Debug;
		};
		3C12E7CC1BFFFD7800FA2E2E /* Release */ = {
			isa = XCBuildConfiguration;
			buildSettings = {
				BUNDLE_LOADER = "$(TEST_HOST)";
				FRAMEWORK_SEARCH_PATHS = (
					"$(SDKROOT)/Developer/Library/Frameworks",
					"$(inherited)",
				);
				INFOPLIST_FILE = BlckJckTests/Info.plist;
				LD_RUNPATH_SEARCH_PATHS = "$(inherited) @executable_path/Frameworks @loader_path/Frameworks";
				PRODUCT_NAME = "$(TARGET_NAME)";
				TEST_HOST = "$(BUILT_PRODUCTS_DIR)/BlckJck.app/BlckJck";
			};
			name = Release;
		};
/* End XCBuildConfiguration section */

/* Begin XCConfigurationList section */
		3C12E79F1BFFFD7800FA2E2E /* Build configuration list for PBXProject "BlckJck" */ = {
			isa = XCConfigurationList;
			buildConfigurations = (
				3C12E7C51BFFFD7800FA2E2E /* Debug */,
				3C12E7C61BFFFD7800FA2E2E /* Release */,
			);
			defaultConfigurationIsVisible = 0;
			defaultConfigurationName = Release;
		};
		3C12E7C71BFFFD7800FA2E2E /* Build configuration list for PBXNativeTarget "BlckJck" */ = {
			isa = XCConfigurationList;
			buildConfigurations = (
				3C12E7C81BFFFD7800FA2E2E /* Debug */,
				3C12E7C91BFFFD7800FA2E2E /* Release */,
			);
			defaultConfigurationIsVisible = 0;
			defaultConfigurationName = Release;
		};
		3C12E7CA1BFFFD7800FA2E2E /* Build configuration list for PBXNativeTarget "BlckJckTests" */ = {
			isa = XCConfigurationList;
			buildConfigurations = (
				3C12E7CB1BFFFD7800FA2E2E /* Debug */,
				3C12E7CC1BFFFD7800FA2E2E /* Release */,
			);
			defaultConfigurationIsVisible = 0;
			defaultConfigurationName = Release;
		};
/* End XCConfigurationList section */
	};
	rootObject = 3C12E79C1BFFFD7800FA2E2E /* Project object */;
}
